
Microsoft Visual Studio Solution File, Format Version 12.00
# Visual Studio Version 16
VisualStudioVersion = 16.0.29509.3
MinimumVisualStudioVersion = 10.0.40219.1
Project("{9A19103F-16F7-4668-BE54-9A1E7A4F7556}") = "MainApp", "MainApp\MainApp.csproj", "{A54FBF34-31AE-4F07-86B0-C0FB0E4ADBF7}"
EndProject
Project("{9A19103F-16F7-4668-BE54-9A1E7A4F7556}") = "Tests", "Tests\Tests.csproj", "{E01389D0-E0E1-470D-AB7D-22C8803CD917}"
EndProject
Global
	GlobalSection(SolutionConfigurationPlatforms) = preSolution
		Debug|Any CPU = Debug|Any CPU
		Release|Any CPU = Release|Any CPU
	EndGlobalSection
	GlobalSection(ProjectConfigurationPlatforms) = postSolution
		{A54FBF34-31AE-4F07-86B0-C0FB0E4ADBF7}.Debug|Any CPU.ActiveCfg = Debug|Any CPU
		{A54FBF34-31AE-4F07-86B0-C0FB0E4ADBF7}.Debug|Any CPU.Build.0 = Debug|Any CPU
		{A54FBF34-31AE-4F07-86B0-C0FB0E4ADBF7}.Release|Any CPU.ActiveCfg = Release|Any CPU
		{A54FBF34-31AE-4F07-86B0-C0FB0E4ADBF7}.Release|Any CPU.Build.0 = Release|Any CPU
		{E01389D0-E0E1-470D-AB7D-22C8803CD917}.Debug|Any CPU.ActiveCfg = Debug|Any CPU
		{E01389D0-E0E1-470D-AB7D-22C8803CD917}.Debug|Any CPU.Build.0 = Debug|Any CPU
		{E01389D0-E0E1-470D-AB7D-22C8803CD917}.Release|Any CPU.ActiveCfg = Release|Any CPU
		{E01389D0-E0E1-470D-AB7D-22C8803CD917}.Release|Any CPU.Build.0 = Release|Any CPU
	EndGlobalSection
	GlobalSection(SolutionProperties) = preSolution
		HideSolutionNode = FALSE
	EndGlobalSection
	GlobalSection(ExtensibilityGlobals) = postSolution
		SolutionGuid = {01D19F1A-DADA-4D0A-8E6B-C570F3C3AE21}
	EndGlobalSection
EndGlobal
